
Microsoft Visual Studio Solution File, Format Version 12.00
# Visual Studio Version 16
VisualStudioVersion = 16.0.31005.135
MinimumVisualStudioVersion = 10.0.40219.1
Project("{FAE04EC0-301F-11D3-BF4B-00C04F79EFBC}") = "The_Simple_Game", "The_Simple_Game\The_Simple_Game.csproj", "{C6003305-0398-4E70-B8A4-526222AEBC26}"
EndProject
Global
	GlobalSection(SolutionConfigurationPlatforms) = preSolution
		Debug|Any CPU = Debug|Any CPU
		Release|Any CPU = Release|Any CPU
	EndGlobalSection
	GlobalSection(ProjectConfigurationPlatforms) = postSolution
		{C6003305-0398-4E70-B8A4-526222AEBC26}.Debug|Any CPU.ActiveCfg = Debug|Any CPU
		{C6003305-0398-4E70-B8A4-526222AEBC26}.Debug|Any CPU.Build.0 = Debug|Any CPU
		{C6003305-0398-4E70-B8A4-526222AEBC26}.Release|Any CPU.ActiveCfg = Release|Any CPU
		{C6003305-0398-4E70-B8A4-526222AEBC26}.Release|Any CPU.Build.0 = Release|Any CPU
	EndGlobalSection
	GlobalSection(SolutionProperties) = preSolution
		HideSolutionNode = FALSE
	EndGlobalSection
	GlobalSection(ExtensibilityGlobals) = postSolution
		SolutionGuid = {8B79AB11-36D0-4A23-A2CA-F88965A587FF}
	EndGlobalSection
EndGlobal
